// !$*UTF8*$!
{
	archiveVersion = 1;
	classes = {
	};
	objectVersion = 56;
	objects = {

/* Begin PBXBuildFile section */
		4142E6F82CDA13B700257D0B /* AppDelegate.swift in Sources */ = {isa = PBXBuildFile; fileRef = 4142E6F72CDA13B700257D0B /* AppDelegate.swift */; };
		4142E6FA2CDA13B700257D0B /* SceneDelegate.swift in Sources */ = {isa = PBXBuildFile; fileRef = 4142E6F92CDA13B700257D0B /* SceneDelegate.swift */; };
		4142E6FC2CDA13B700257D0B /* TabBarViewController.swift in Sources */ = {isa = PBXBuildFile; fileRef = 4142E6FB2CDA13B700257D0B /* TabBarViewController.swift */; };
		4142E7012CDA13B800257D0B /* Assets.xcassets in Resources */ = {isa = PBXBuildFile; fileRef = 4142E7002CDA13B800257D0B /* Assets.xcassets */; };
		4142E7042CDA13B800257D0B /* Base in Resources */ = {isa = PBXBuildFile; fileRef = 4142E7032CDA13B800257D0B /* Base */; };
		4142E70F2CDA13B800257D0B /* AppPetProjectTests.swift in Sources */ = {isa = PBXBuildFile; fileRef = 4142E70E2CDA13B800257D0B /* AppPetProjectTests.swift */; };
		4142E7192CDA13B800257D0B /* AppPetProjectUITests.swift in Sources */ = {isa = PBXBuildFile; fileRef = 4142E7182CDA13B800257D0B /* AppPetProjectUITests.swift */; };
		4142E71B2CDA13B800257D0B /* AppPetProjectUITestsLaunchTests.swift in Sources */ = {isa = PBXBuildFile; fileRef = 4142E71A2CDA13B800257D0B /* AppPetProjectUITestsLaunchTests.swift */; };
		4142E72C2CDA1E6100257D0B /* CharacterViewController.swift in Sources */ = {isa = PBXBuildFile; fileRef = 4142E72B2CDA1E6100257D0B /* CharacterViewController.swift */; };
		4142E72E2CDA1E7A00257D0B /* EpisodeViewController.swift in Sources */ = {isa = PBXBuildFile; fileRef = 4142E72D2CDA1E7A00257D0B /* EpisodeViewController.swift */; };
		4142E7302CDA1E8300257D0B /* SettingsViewController.swift in Sources */ = {isa = PBXBuildFile; fileRef = 4142E72F2CDA1E8300257D0B /* SettingsViewController.swift */; };
		4142E7322CDA1ECA00257D0B /* LocationViewController.swift in Sources */ = {isa = PBXBuildFile; fileRef = 4142E7312CDA1ECA00257D0B /* LocationViewController.swift */; };
		419069012CDA3D7C007EE5A0 /* RMService.swift in Sources */ = {isa = PBXBuildFile; fileRef = 419069002CDA3D7C007EE5A0 /* RMService.swift */; };
		419069032CDA3D9B007EE5A0 /* RMRequest.swift in Sources */ = {isa = PBXBuildFile; fileRef = 419069022CDA3D9B007EE5A0 /* RMRequest.swift */; };
		419069052CDA3F91007EE5A0 /* RMEndpoint.swift in Sources */ = {isa = PBXBuildFile; fileRef = 419069042CDA3F91007EE5A0 /* RMEndpoint.swift */; };
		419069082CDA4244007EE5A0 /* RMLocation.swift in Sources */ = {isa = PBXBuildFile; fileRef = 419069072CDA4244007EE5A0 /* RMLocation.swift */; };
		4190690A2CDA425C007EE5A0 /* RMCharacter.swift in Sources */ = {isa = PBXBuildFile; fileRef = 419069092CDA425C007EE5A0 /* RMCharacter.swift */; };
		4190690C2CDA4270007EE5A0 /* RMEpisode.swift in Sources */ = {isa = PBXBuildFile; fileRef = 4190690B2CDA4270007EE5A0 /* RMEpisode.swift */; };
		4190690F2CDA4509007EE5A0 /* RMOrigin.swift in Sources */ = {isa = PBXBuildFile; fileRef = 4190690E2CDA4509007EE5A0 /* RMOrigin.swift */; };
		41BC3EA62CDA45FB00CF1DC6 /* RMCharacterLocation.swift in Sources */ = {isa = PBXBuildFile; fileRef = 41BC3EA52CDA45FB00CF1DC6 /* RMCharacterLocation.swift */; };
		41BC3EA82CDA482000CF1DC6 /* RMCharacterGender.swift in Sources */ = {isa = PBXBuildFile; fileRef = 41BC3EA72CDA482000CF1DC6 /* RMCharacterGender.swift */; };
		41BC3EAA2CDA483B00CF1DC6 /* RMCharacterStatus.swift in Sources */ = {isa = PBXBuildFile; fileRef = 41BC3EA92CDA483B00CF1DC6 /* RMCharacterStatus.swift */; };
/* End PBXBuildFile section */

/* Begin PBXContainerItemProxy section */
		4142E70B2CDA13B800257D0B /* PBXContainerItemProxy */ = {
			isa = PBXContainerItemProxy;
			containerPortal = 4142E6EC2CDA13B700257D0B /* Project object */;
			proxyType = 1;
			remoteGlobalIDString = 4142E6F32CDA13B700257D0B;
			remoteInfo = AppPetProject;
		};
		4142E7152CDA13B800257D0B /* PBXContainerItemProxy */ = {
			isa = PBXContainerItemProxy;
			containerPortal = 4142E6EC2CDA13B700257D0B /* Project object */;
			proxyType = 1;
			remoteGlobalIDString = 4142E6F32CDA13B700257D0B;
			remoteInfo = AppPetProject;
		};
/* End PBXContainerItemProxy section */

/* Begin PBXFileReference section */
		4142E6F42CDA13B700257D0B /* AppPetProject.app */ = {isa = PBXFileReference; explicitFileType = wrapper.application; includeInIndex = 0; path = AppPetProject.app; sourceTree = BUILT_PRODUCTS_DIR; };
		4142E6F72CDA13B700257D0B /* AppDelegate.swift */ = {isa = PBXFileReference; lastKnownFileType = sourcecode.swift; path = AppDelegate.swift; sourceTree = "<group>"; };
		4142E6F92CDA13B700257D0B /* SceneDelegate.swift */ = {isa = PBXFileReference; lastKnownFileType = sourcecode.swift; path = SceneDelegate.swift; sourceTree = "<group>"; };
		4142E6FB2CDA13B700257D0B /* TabBarViewController.swift */ = {isa = PBXFileReference; lastKnownFileType = sourcecode.swift; path = TabBarViewController.swift; sourceTree = "<group>"; };
		4142E7002CDA13B800257D0B /* Assets.xcassets */ = {isa = PBXFileReference; lastKnownFileType = folder.assetcatalog; path = Assets.xcassets; sourceTree = "<group>"; };
		4142E7032CDA13B800257D0B /* Base */ = {isa = PBXFileReference; lastKnownFileType = file.storyboard; name = Base; path = Base.lproj/LaunchScreen.storyboard; sourceTree = "<group>"; };
		4142E7052CDA13B800257D0B /* Info.plist */ = {isa = PBXFileReference; lastKnownFileType = text.plist.xml; path = Info.plist; sourceTree = "<group>"; };
		4142E70A2CDA13B800257D0B /* AppPetProjectTests.xctest */ = {isa = PBXFileReference; explicitFileType = wrapper.cfbundle; includeInIndex = 0; path = AppPetProjectTests.xctest; sourceTree = BUILT_PRODUCTS_DIR; };
		4142E70E2CDA13B800257D0B /* AppPetProjectTests.swift */ = {isa = PBXFileReference; lastKnownFileType = sourcecode.swift; path = AppPetProjectTests.swift; sourceTree = "<group>"; };
		4142E7142CDA13B800257D0B /* AppPetProjectUITests.xctest */ = {isa = PBXFileReference; explicitFileType = wrapper.cfbundle; includeInIndex = 0; path = AppPetProjectUITests.xctest; sourceTree = BUILT_PRODUCTS_DIR; };
		4142E7182CDA13B800257D0B /* AppPetProjectUITests.swift */ = {isa = PBXFileReference; lastKnownFileType = sourcecode.swift; path = AppPetProjectUITests.swift; sourceTree = "<group>"; };
		4142E71A2CDA13B800257D0B /* AppPetProjectUITestsLaunchTests.swift */ = {isa = PBXFileReference; lastKnownFileType = sourcecode.swift; path = AppPetProjectUITestsLaunchTests.swift; sourceTree = "<group>"; };
		4142E72B2CDA1E6100257D0B /* CharacterViewController.swift */ = {isa = PBXFileReference; lastKnownFileType = sourcecode.swift; path = CharacterViewController.swift; sourceTree = "<group>"; };
		4142E72D2CDA1E7A00257D0B /* EpisodeViewController.swift */ = {isa = PBXFileReference; lastKnownFileType = sourcecode.swift; path = EpisodeViewController.swift; sourceTree = "<group>"; };
		4142E72F2CDA1E8300257D0B /* SettingsViewController.swift */ = {isa = PBXFileReference; lastKnownFileType = sourcecode.swift; path = SettingsViewController.swift; sourceTree = "<group>"; };
		4142E7312CDA1ECA00257D0B /* LocationViewController.swift */ = {isa = PBXFileReference; lastKnownFileType = sourcecode.swift; path = LocationViewController.swift; sourceTree = "<group>"; };
		419069002CDA3D7C007EE5A0 /* RMService.swift */ = {isa = PBXFileReference; lastKnownFileType = sourcecode.swift; path = RMService.swift; sourceTree = "<group>"; };
		419069022CDA3D9B007EE5A0 /* RMRequest.swift */ = {isa = PBXFileReference; lastKnownFileType = sourcecode.swift; path = RMRequest.swift; sourceTree = "<group>"; };
		419069042CDA3F91007EE5A0 /* RMEndpoint.swift */ = {isa = PBXFileReference; lastKnownFileType = sourcecode.swift; path = RMEndpoint.swift; sourceTree = "<group>"; };
		419069072CDA4244007EE5A0 /* RMLocation.swift */ = {isa = PBXFileReference; lastKnownFileType = sourcecode.swift; path = RMLocation.swift; sourceTree = "<group>"; };
		419069092CDA425C007EE5A0 /* RMCharacter.swift */ = {isa = PBXFileReference; lastKnownFileType = sourcecode.swift; path = RMCharacter.swift; sourceTree = "<group>"; };
		4190690B2CDA4270007EE5A0 /* RMEpisode.swift */ = {isa = PBXFileReference; lastKnownFileType = sourcecode.swift; path = RMEpisode.swift; sourceTree = "<group>"; };
		4190690E2CDA4509007EE5A0 /* RMOrigin.swift */ = {isa = PBXFileReference; lastKnownFileType = sourcecode.swift; path = RMOrigin.swift; sourceTree = "<group>"; };
		41BC3EA52CDA45FB00CF1DC6 /* RMCharacterLocation.swift */ = {isa = PBXFileReference; lastKnownFileType = sourcecode.swift; path = RMCharacterLocation.swift; sourceTree = "<group>"; };
		41BC3EA72CDA482000CF1DC6 /* RMCharacterGender.swift */ = {isa = PBXFileReference; lastKnownFileType = sourcecode.swift; path = RMCharacterGender.swift; sourceTree = "<group>"; };
		41BC3EA92CDA483B00CF1DC6 /* RMCharacterStatus.swift */ = {isa = PBXFileReference; lastKnownFileType = sourcecode.swift; path = RMCharacterStatus.swift; sourceTree = "<group>"; };
/* End PBXFileReference section */

/* Begin PBXFrameworksBuildPhase section */
		4142E6F12CDA13B700257D0B /* Frameworks */ = {
			isa = PBXFrameworksBuildPhase;
			buildActionMask = 2147483647;
			files = (
			);
			runOnlyForDeploymentPostprocessing = 0;
		};
		4142E7072CDA13B800257D0B /* Frameworks */ = {
			isa = PBXFrameworksBuildPhase;
			buildActionMask = 2147483647;
			files = (
			);
			runOnlyForDeploymentPostprocessing = 0;
		};
		4142E7112CDA13B800257D0B /* Frameworks */ = {
			isa = PBXFrameworksBuildPhase;
			buildActionMask = 2147483647;
			files = (
			);
			runOnlyForDeploymentPostprocessing = 0;
		};
/* End PBXFrameworksBuildPhase section */

/* Begin PBXGroup section */
		4142E6EB2CDA13B700257D0B = {
			isa = PBXGroup;
			children = (
				4142E6F62CDA13B700257D0B /* AppPetProject */,
				4142E70D2CDA13B800257D0B /* AppPetProjectTests */,
				4142E7172CDA13B800257D0B /* AppPetProjectUITests */,
				4142E6F52CDA13B700257D0B /* Products */,
			);
			sourceTree = "<group>";
		};
		4142E6F52CDA13B700257D0B /* Products */ = {
			isa = PBXGroup;
			children = (
				4142E6F42CDA13B700257D0B /* AppPetProject.app */,
				4142E70A2CDA13B800257D0B /* AppPetProjectTests.xctest */,
				4142E7142CDA13B800257D0B /* AppPetProjectUITests.xctest */,
			);
			name = Products;
			sourceTree = "<group>";
		};
		4142E6F62CDA13B700257D0B /* AppPetProject */ = {
			isa = PBXGroup;
			children = (
				419069062CDA421D007EE5A0 /* Models */,
				4142E72A2CDA1CC200257D0B /* Controllers */,
				4142E7292CDA16E200257D0B /* Resources */,
				4142E7282CDA16D300257D0B /* Managers */,
				4142E7272CDA16C000257D0B /* APIClient */,
				4142E7052CDA13B800257D0B /* Info.plist */,
			);
			path = AppPetProject;
			sourceTree = "<group>";
		};
		4142E70D2CDA13B800257D0B /* AppPetProjectTests */ = {
			isa = PBXGroup;
			children = (
				4142E70E2CDA13B800257D0B /* AppPetProjectTests.swift */,
			);
			path = AppPetProjectTests;
			sourceTree = "<group>";
		};
		4142E7172CDA13B800257D0B /* AppPetProjectUITests */ = {
			isa = PBXGroup;
			children = (
				4142E7182CDA13B800257D0B /* AppPetProjectUITests.swift */,
				4142E71A2CDA13B800257D0B /* AppPetProjectUITestsLaunchTests.swift */,
			);
			path = AppPetProjectUITests;
			sourceTree = "<group>";
		};
		4142E7272CDA16C000257D0B /* APIClient */ = {
			isa = PBXGroup;
			children = (
				419069002CDA3D7C007EE5A0 /* RMService.swift */,
				419069022CDA3D9B007EE5A0 /* RMRequest.swift */,
				419069042CDA3F91007EE5A0 /* RMEndpoint.swift */,
			);
			path = APIClient;
			sourceTree = "<group>";
		};
		4142E7282CDA16D300257D0B /* Managers */ = {
			isa = PBXGroup;
			children = (
			);
			path = Managers;
			sourceTree = "<group>";
		};
		4142E7292CDA16E200257D0B /* Resources */ = {
			isa = PBXGroup;
			children = (
				4142E7002CDA13B800257D0B /* Assets.xcassets */,
				4142E7022CDA13B800257D0B /* LaunchScreen.storyboard */,
				4142E6F72CDA13B700257D0B /* AppDelegate.swift */,
				4142E6F92CDA13B700257D0B /* SceneDelegate.swift */,
			);
			path = Resources;
			sourceTree = "<group>";
		};
		4142E72A2CDA1CC200257D0B /* Controllers */ = {
			isa = PBXGroup;
			children = (
				4142E6FB2CDA13B700257D0B /* TabBarViewController.swift */,
				4142E72B2CDA1E6100257D0B /* CharacterViewController.swift */,
				4142E72D2CDA1E7A00257D0B /* EpisodeViewController.swift */,
				4142E72F2CDA1E8300257D0B /* SettingsViewController.swift */,
				4142E7312CDA1ECA00257D0B /* LocationViewController.swift */,
			);
			path = Controllers;
			sourceTree = "<group>";
		};
		419069062CDA421D007EE5A0 /* Models */ = {
			isa = PBXGroup;
			children = (
				419069072CDA4244007EE5A0 /* RMLocation.swift */,
				419069092CDA425C007EE5A0 /* RMCharacter.swift */,
				4190690B2CDA4270007EE5A0 /* RMEpisode.swift */,
				4190690E2CDA4509007EE5A0 /* RMOrigin.swift */,
				41BC3EA52CDA45FB00CF1DC6 /* RMCharacterLocation.swift */,
				41BC3EA72CDA482000CF1DC6 /* RMCharacterGender.swift */,
				41BC3EA92CDA483B00CF1DC6 /* RMCharacterStatus.swift */,
			);
			path = Models;
			sourceTree = "<group>";
		};
/* End PBXGroup section */

/* Begin PBXNativeTarget section */
		4142E6F32CDA13B700257D0B /* AppPetProject */ = {
			isa = PBXNativeTarget;
			buildConfigurationList = 4142E71E2CDA13B800257D0B /* Build configuration list for PBXNativeTarget "AppPetProject" */;
			buildPhases = (
				4142E6F02CDA13B700257D0B /* Sources */,
				4142E6F12CDA13B700257D0B /* Frameworks */,
				4142E6F22CDA13B700257D0B /* Resources */,
			);
			buildRules = (
			);
			dependencies = (
			);
			name = AppPetProject;
			productName = AppPetProject;
			productReference = 4142E6F42CDA13B700257D0B /* AppPetProject.app */;
			productType = "com.apple.product-type.application";
		};
		4142E7092CDA13B800257D0B /* AppPetProjectTests */ = {
			isa = PBXNativeTarget;
			buildConfigurationList = 4142E7212CDA13B800257D0B /* Build configuration list for PBXNativeTarget "AppPetProjectTests" */;
			buildPhases = (
				4142E7062CDA13B800257D0B /* Sources */,
				4142E7072CDA13B800257D0B /* Frameworks */,
				4142E7082CDA13B800257D0B /* Resources */,
			);
			buildRules = (
			);
			dependencies = (
				4142E70C2CDA13B800257D0B /* PBXTargetDependency */,
			);
			name = AppPetProjectTests;
			productName = AppPetProjectTests;
			productReference = 4142E70A2CDA13B800257D0B /* AppPetProjectTests.xctest */;
			productType = "com.apple.product-type.bundle.unit-test";
		};
		4142E7132CDA13B800257D0B /* AppPetProjectUITests */ = {
			isa = PBXNativeTarget;
			buildConfigurationList = 4142E7242CDA13B800257D0B /* Build configuration list for PBXNativeTarget "AppPetProjectUITests" */;
			buildPhases = (
				4142E7102CDA13B800257D0B /* Sources */,
				4142E7112CDA13B800257D0B /* Frameworks */,
				4142E7122CDA13B800257D0B /* Resources */,
			);
			buildRules = (
			);
			dependencies = (
				4142E7162CDA13B800257D0B /* PBXTargetDependency */,
			);
			name = AppPetProjectUITests;
			productName = AppPetProjectUITests;
			productReference = 4142E7142CDA13B800257D0B /* AppPetProjectUITests.xctest */;
			productType = "com.apple.product-type.bundle.ui-testing";
		};
/* End PBXNativeTarget section */

/* Begin PBXProject section */
		4142E6EC2CDA13B700257D0B /* Project object */ = {
			isa = PBXProject;
			attributes = {
				BuildIndependentTargetsInParallel = 1;
				LastSwiftUpdateCheck = 1530;
				LastUpgradeCheck = 1530;
				TargetAttributes = {
					4142E6F32CDA13B700257D0B = {
						CreatedOnToolsVersion = 15.3;
					};
					4142E7092CDA13B800257D0B = {
						CreatedOnToolsVersion = 15.3;
						TestTargetID = 4142E6F32CDA13B700257D0B;
					};
					4142E7132CDA13B800257D0B = {
						CreatedOnToolsVersion = 15.3;
						TestTargetID = 4142E6F32CDA13B700257D0B;
					};
				};
			};
			buildConfigurationList = 4142E6EF2CDA13B700257D0B /* Build configuration list for PBXProject "AppPetProject" */;
			compatibilityVersion = "Xcode 14.0";
			developmentRegion = en;
			hasScannedForEncodings = 0;
			knownRegions = (
				en,
				Base,
			);
			mainGroup = 4142E6EB2CDA13B700257D0B;
			productRefGroup = 4142E6F52CDA13B700257D0B /* Products */;
			projectDirPath = "";
			projectRoot = "";
			targets = (
				4142E6F32CDA13B700257D0B /* AppPetProject */,
				4142E7092CDA13B800257D0B /* AppPetProjectTests */,
				4142E7132CDA13B800257D0B /* AppPetProjectUITests */,
			);
		};
/* End PBXProject section */

/* Begin PBXResourcesBuildPhase section */
		4142E6F22CDA13B700257D0B /* Resources */ = {
			isa = PBXResourcesBuildPhase;
			buildActionMask = 2147483647;
			files = (
				4142E7012CDA13B800257D0B /* Assets.xcassets in Resources */,
				4142E7042CDA13B800257D0B /* Base in Resources */,
			);
			runOnlyForDeploymentPostprocessing = 0;
		};
		4142E7082CDA13B800257D0B /* Resources */ = {
			isa = PBXResourcesBuildPhase;
			buildActionMask = 2147483647;
			files = (
			);
			runOnlyForDeploymentPostprocessing = 0;
		};
		4142E7122CDA13B800257D0B /* Resources */ = {
			isa = PBXResourcesBuildPhase;
			buildActionMask = 2147483647;
			files = (
			);
			runOnlyForDeploymentPostprocessing = 0;
		};
/* End PBXResourcesBuildPhase section */

/* Begin PBXSourcesBuildPhase section */
		4142E6F02CDA13B700257D0B /* Sources */ = {
			isa = PBXSourcesBuildPhase;
			buildActionMask = 2147483647;
			files = (
				4190690F2CDA4509007EE5A0 /* RMOrigin.swift in Sources */,
				4190690A2CDA425C007EE5A0 /* RMCharacter.swift in Sources */,
				4142E7322CDA1ECA00257D0B /* LocationViewController.swift in Sources */,
				41BC3EA82CDA482000CF1DC6 /* RMCharacterGender.swift in Sources */,
				41BC3EA62CDA45FB00CF1DC6 /* RMCharacterLocation.swift in Sources */,
				419069032CDA3D9B007EE5A0 /* RMRequest.swift in Sources */,
				4142E72E2CDA1E7A00257D0B /* EpisodeViewController.swift in Sources */,
				419069082CDA4244007EE5A0 /* RMLocation.swift in Sources */,
				419069012CDA3D7C007EE5A0 /* RMService.swift in Sources */,
				41BC3EAA2CDA483B00CF1DC6 /* RMCharacterStatus.swift in Sources */,
				4190690C2CDA4270007EE5A0 /* RMEpisode.swift in Sources */,
				4142E72C2CDA1E6100257D0B /* CharacterViewController.swift in Sources */,
				4142E6FC2CDA13B700257D0B /* TabBarViewController.swift in Sources */,
				4142E6F82CDA13B700257D0B /* AppDelegate.swift in Sources */,
				419069052CDA3F91007EE5A0 /* RMEndpoint.swift in Sources */,
				4142E6FA2CDA13B700257D0B /* SceneDelegate.swift in Sources */,
				4142E7302CDA1E8300257D0B /* SettingsViewController.swift in Sources */,
			);
			runOnlyForDeploymentPostprocessing = 0;
		};
		4142E7062CDA13B800257D0B /* Sources */ = {
			isa = PBXSourcesBuildPhase;
			buildActionMask = 2147483647;
			files = (
				4142E70F2CDA13B800257D0B /* AppPetProjectTests.swift in Sources */,
			);
			runOnlyForDeploymentPostprocessing = 0;
		};
		4142E7102CDA13B800257D0B /* Sources */ = {
			isa = PBXSourcesBuildPhase;
			buildActionMask = 2147483647;
			files = (
				4142E71B2CDA13B800257D0B /* AppPetProjectUITestsLaunchTests.swift in Sources */,
				4142E7192CDA13B800257D0B /* AppPetProjectUITests.swift in Sources */,
			);
			runOnlyForDeploymentPostprocessing = 0;
		};
/* End PBXSourcesBuildPhase section */

/* Begin PBXTargetDependency section */
		4142E70C2CDA13B800257D0B /* PBXTargetDependency */ = {
			isa = PBXTargetDependency;
			target = 4142E6F32CDA13B700257D0B /* AppPetProject */;
			targetProxy = 4142E70B2CDA13B800257D0B /* PBXContainerItemProxy */;
		};
		4142E7162CDA13B800257D0B /* PBXTargetDependency */ = {
			isa = PBXTargetDependency;
			target = 4142E6F32CDA13B700257D0B /* AppPetProject */;
			targetProxy = 4142E7152CDA13B800257D0B /* PBXContainerItemProxy */;
		};
/* End PBXTargetDependency section */

/* Begin PBXVariantGroup section */
		4142E7022CDA13B800257D0B /* LaunchScreen.storyboard */ = {
			isa = PBXVariantGroup;
			children = (
				4142E7032CDA13B800257D0B /* Base */,
			);
			name = LaunchScreen.storyboard;
			sourceTree = "<group>";
		};
/* End PBXVariantGroup section */

/* Begin XCBuildConfiguration section */
		4142E71C2CDA13B800257D0B /* Debug */ = {
			isa = XCBuildConfiguration;
			buildSettings = {
				ALWAYS_SEARCH_USER_PATHS = NO;
				ASSETCATALOG_COMPILER_GENERATE_SWIFT_ASSET_SYMBOL_EXTENSIONS = YES;
				CLANG_ANALYZER_NONNULL = YES;
				CLANG_ANALYZER_NUMBER_OBJECT_CONVERSION = YES_AGGRESSIVE;
				CLANG_CXX_LANGUAGE_STANDARD = "gnu++20";
				CLANG_ENABLE_MODULES = YES;
				CLANG_ENABLE_OBJC_ARC = YES;
				CLANG_ENABLE_OBJC_WEAK = YES;
				CLANG_WARN_BLOCK_CAPTURE_AUTORELEASING = YES;
				CLANG_WARN_BOOL_CONVERSION = YES;
				CLANG_WARN_COMMA = YES;
				CLANG_WARN_CONSTANT_CONVERSION = YES;
				CLANG_WARN_DEPRECATED_OBJC_IMPLEMENTATIONS = YES;
				CLANG_WARN_DIRECT_OBJC_ISA_USAGE = YES_ERROR;
				CLANG_WARN_DOCUMENTATION_COMMENTS = YES;
				CLANG_WARN_EMPTY_BODY = YES;
				CLANG_WARN_ENUM_CONVERSION = YES;
				CLANG_WARN_INFINITE_RECURSION = YES;
				CLANG_WARN_INT_CONVERSION = YES;
				CLANG_WARN_NON_LITERAL_NULL_CONVERSION = YES;
				CLANG_WARN_OBJC_IMPLICIT_RETAIN_SELF = YES;
				CLANG_WARN_OBJC_LITERAL_CONVERSION = YES;
				CLANG_WARN_OBJC_ROOT_CLASS = YES_ERROR;
				CLANG_WARN_QUOTED_INCLUDE_IN_FRAMEWORK_HEADER = YES;
				CLANG_WARN_RANGE_LOOP_ANALYSIS = YES;
				CLANG_WARN_STRICT_PROTOTYPES = YES;
				CLANG_WARN_SUSPICIOUS_MOVE = YES;
				CLANG_WARN_UNGUARDED_AVAILABILITY = YES_AGGRESSIVE;
				CLANG_WARN_UNREACHABLE_CODE = YES;
				CLANG_WARN__DUPLICATE_METHOD_MATCH = YES;
				COPY_PHASE_STRIP = NO;
				DEBUG_INFORMATION_FORMAT = dwarf;
				ENABLE_STRICT_OBJC_MSGSEND = YES;
				ENABLE_TESTABILITY = YES;
				ENABLE_USER_SCRIPT_SANDBOXING = YES;
				GCC_C_LANGUAGE_STANDARD = gnu17;
				GCC_DYNAMIC_NO_PIC = NO;
				GCC_NO_COMMON_BLOCKS = YES;
				GCC_OPTIMIZATION_LEVEL = 0;
				GCC_PREPROCESSOR_DEFINITIONS = (
					"DEBUG=1",
					"$(inherited)",
				);
				GCC_WARN_64_TO_32_BIT_CONVERSION = YES;
				GCC_WARN_ABOUT_RETURN_TYPE = YES_ERROR;
				GCC_WARN_UNDECLARED_SELECTOR = YES;
				GCC_WARN_UNINITIALIZED_AUTOS = YES_AGGRESSIVE;
				GCC_WARN_UNUSED_FUNCTION = YES;
				GCC_WARN_UNUSED_VARIABLE = YES;
				IPHONEOS_DEPLOYMENT_TARGET = 17.4;
				LOCALIZATION_PREFERS_STRING_CATALOGS = YES;
				MTL_ENABLE_DEBUG_INFO = INCLUDE_SOURCE;
				MTL_FAST_MATH = YES;
				ONLY_ACTIVE_ARCH = YES;
				SDKROOT = iphoneos;
				SWIFT_ACTIVE_COMPILATION_CONDITIONS = "DEBUG $(inherited)";
				SWIFT_OPTIMIZATION_LEVEL = "-Onone";
			};
			name = Debug;
		};
		4142E71D2CDA13B800257D0B /* Release */ = {
			isa = XCBuildConfiguration;
			buildSettings = {
				ALWAYS_SEARCH_USER_PATHS = NO;
				ASSETCATALOG_COMPILER_GENERATE_SWIFT_ASSET_SYMBOL_EXTENSIONS = YES;
				CLANG_ANALYZER_NONNULL = YES;
				CLANG_ANALYZER_NUMBER_OBJECT_CONVERSION = YES_AGGRESSIVE;
				CLANG_CXX_LANGUAGE_STANDARD = "gnu++20";
				CLANG_ENABLE_MODULES = YES;
				CLANG_ENABLE_OBJC_ARC = YES;
				CLANG_ENABLE_OBJC_WEAK = YES;
				CLANG_WARN_BLOCK_CAPTURE_AUTORELEASING = YES;
				CLANG_WARN_BOOL_CONVERSION = YES;
				CLANG_WARN_COMMA = YES;
				CLANG_WARN_CONSTANT_CONVERSION = YES;
				CLANG_WARN_DEPRECATED_OBJC_IMPLEMENTATIONS = YES;
				CLANG_WARN_DIRECT_OBJC_ISA_USAGE = YES_ERROR;
				CLANG_WARN_DOCUMENTATION_COMMENTS = YES;
				CLANG_WARN_EMPTY_BODY = YES;
				CLANG_WARN_ENUM_CONVERSION = YES;
				CLANG_WARN_INFINITE_RECURSION = YES;
				CLANG_WARN_INT_CONVERSION = YES;
				CLANG_WARN_NON_LITERAL_NULL_CONVERSION = YES;
				CLANG_WARN_OBJC_IMPLICIT_RETAIN_SELF = YES;
				CLANG_WARN_OBJC_LITERAL_CONVERSION = YES;
				CLANG_WARN_OBJC_ROOT_CLASS = YES_ERROR;
				CLANG_WARN_QUOTED_INCLUDE_IN_FRAMEWORK_HEADER = YES;
				CLANG_WARN_RANGE_LOOP_ANALYSIS = YES;
				CLANG_WARN_STRICT_PROTOTYPES = YES;
				CLANG_WARN_SUSPICIOUS_MOVE = YES;
				CLANG_WARN_UNGUARDED_AVAILABILITY = YES_AGGRESSIVE;
				CLANG_WARN_UNREACHABLE_CODE = YES;
				CLANG_WARN__DUPLICATE_METHOD_MATCH = YES;
				COPY_PHASE_STRIP = NO;
				DEBUG_INFORMATION_FORMAT = "dwarf-with-dsym";
				ENABLE_NS_ASSERTIONS = NO;
				ENABLE_STRICT_OBJC_MSGSEND = YES;
				ENABLE_USER_SCRIPT_SANDBOXING = YES;
				GCC_C_LANGUAGE_STANDARD = gnu17;
				GCC_NO_COMMON_BLOCKS = YES;
				GCC_WARN_64_TO_32_BIT_CONVERSION = YES;
				GCC_WARN_ABOUT_RETURN_TYPE = YES_ERROR;
				GCC_WARN_UNDECLARED_SELECTOR = YES;
				GCC_WARN_UNINITIALIZED_AUTOS = YES_AGGRESSIVE;
				GCC_WARN_UNUSED_FUNCTION = YES;
				GCC_WARN_UNUSED_VARIABLE = YES;
				IPHONEOS_DEPLOYMENT_TARGET = 17.4;
				LOCALIZATION_PREFERS_STRING_CATALOGS = YES;
				MTL_ENABLE_DEBUG_INFO = NO;
				MTL_FAST_MATH = YES;
				SDKROOT = iphoneos;
				SWIFT_COMPILATION_MODE = wholemodule;
				VALIDATE_PRODUCT = YES;
			};
			name = Release;
		};
		4142E71F2CDA13B800257D0B /* Debug */ = {
			isa = XCBuildConfiguration;
			buildSettings = {
				ASSETCATALOG_COMPILER_APPICON_NAME = AppIcon;
				ASSETCATALOG_COMPILER_GLOBAL_ACCENT_COLOR_NAME = AccentColor;
				CODE_SIGN_STYLE = Automatic;
				CURRENT_PROJECT_VERSION = 1;
				DEVELOPMENT_TEAM = J3825KB7T3;
				GENERATE_INFOPLIST_FILE = YES;
				INFOPLIST_FILE = AppPetProject/Info.plist;
				INFOPLIST_KEY_UIApplicationSupportsIndirectInputEvents = YES;
				INFOPLIST_KEY_UILaunchStoryboardName = LaunchScreen;
				INFOPLIST_KEY_UISupportedInterfaceOrientations_iPad = "UIInterfaceOrientationPortrait UIInterfaceOrientationPortraitUpsideDown UIInterfaceOrientationLandscapeLeft UIInterfaceOrientationLandscapeRight";
				INFOPLIST_KEY_UISupportedInterfaceOrientations_iPhone = "UIInterfaceOrientationPortrait UIInterfaceOrientationLandscapeLeft UIInterfaceOrientationLandscapeRight";
				LD_RUNPATH_SEARCH_PATHS = (
					"$(inherited)",
					"@executable_path/Frameworks",
				);
				MARKETING_VERSION = 1.0;
				PRODUCT_BUNDLE_IDENTIFIER = AQATeam.AppPetProject;
				PRODUCT_NAME = "$(TARGET_NAME)";
				SWIFT_EMIT_LOC_STRINGS = YES;
				SWIFT_VERSION = 5.0;
				TARGETED_DEVICE_FAMILY = "1,2";
			};
			name = Debug;
		};
		4142E7202CDA13B800257D0B /* Release */ = {
			isa = XCBuildConfiguration;
			buildSettings = {
				ASSETCATALOG_COMPILER_APPICON_NAME = AppIcon;
				ASSETCATALOG_COMPILER_GLOBAL_ACCENT_COLOR_NAME = AccentColor;
				CODE_SIGN_STYLE = Automatic;
				CURRENT_PROJECT_VERSION = 1;
				DEVELOPMENT_TEAM = J3825KB7T3;
				GENERATE_INFOPLIST_FILE = YES;
				INFOPLIST_FILE = AppPetProject/Info.plist;
				INFOPLIST_KEY_UIApplicationSupportsIndirectInputEvents = YES;
				INFOPLIST_KEY_UILaunchStoryboardName = LaunchScreen;
				INFOPLIST_KEY_UISupportedInterfaceOrientations_iPad = "UIInterfaceOrientationPortrait UIInterfaceOrientationPortraitUpsideDown UIInterfaceOrientationLandscapeLeft UIInterfaceOrientationLandscapeRight";
				INFOPLIST_KEY_UISupportedInterfaceOrientations_iPhone = "UIInterfaceOrientationPortrait UIInterfaceOrientationLandscapeLeft UIInterfaceOrientationLandscapeRight";
				LD_RUNPATH_SEARCH_PATHS = (
					"$(inherited)",
					"@executable_path/Frameworks",
				);
				MARKETING_VERSION = 1.0;
				PRODUCT_BUNDLE_IDENTIFIER = AQATeam.AppPetProject;
				PRODUCT_NAME = "$(TARGET_NAME)";
				SWIFT_EMIT_LOC_STRINGS = YES;
				SWIFT_VERSION = 5.0;
				TARGETED_DEVICE_FAMILY = "1,2";
			};
			name = Release;
		};
		4142E7222CDA13B800257D0B /* Debug */ = {
			isa = XCBuildConfiguration;
			buildSettings = {
				ALWAYS_EMBED_SWIFT_STANDARD_LIBRARIES = YES;
				BUNDLE_LOADER = "$(TEST_HOST)";
				CODE_SIGN_STYLE = Automatic;
				CURRENT_PROJECT_VERSION = 1;
				DEVELOPMENT_TEAM = J3825KB7T3;
				GENERATE_INFOPLIST_FILE = YES;
				IPHONEOS_DEPLOYMENT_TARGET = 17.4;
				MARKETING_VERSION = 1.0;
				PRODUCT_BUNDLE_IDENTIFIER = AQATeam.AppPetProjectTests;
				PRODUCT_NAME = "$(TARGET_NAME)";
				SWIFT_EMIT_LOC_STRINGS = NO;
				SWIFT_VERSION = 5.0;
				TARGETED_DEVICE_FAMILY = "1,2";
				TEST_HOST = "$(BUILT_PRODUCTS_DIR)/AppPetProject.app/$(BUNDLE_EXECUTABLE_FOLDER_PATH)/AppPetProject";
			};
			name = Debug;
		};
		4142E7232CDA13B800257D0B /* Release */ = {
			isa = XCBuildConfiguration;
			buildSettings = {
				ALWAYS_EMBED_SWIFT_STANDARD_LIBRARIES = YES;
				BUNDLE_LOADER = "$(TEST_HOST)";
				CODE_SIGN_STYLE = Automatic;
				CURRENT_PROJECT_VERSION = 1;
				DEVELOPMENT_TEAM = J3825KB7T3;
				GENERATE_INFOPLIST_FILE = YES;
				IPHONEOS_DEPLOYMENT_TARGET = 17.4;
				MARKETING_VERSION = 1.0;
				PRODUCT_BUNDLE_IDENTIFIER = AQATeam.AppPetProjectTests;
				PRODUCT_NAME = "$(TARGET_NAME)";
				SWIFT_EMIT_LOC_STRINGS = NO;
				SWIFT_VERSION = 5.0;
				TARGETED_DEVICE_FAMILY = "1,2";
				TEST_HOST = "$(BUILT_PRODUCTS_DIR)/AppPetProject.app/$(BUNDLE_EXECUTABLE_FOLDER_PATH)/AppPetProject";
			};
			name = Release;
		};
		4142E7252CDA13B800257D0B /* Debug */ = {
			isa = XCBuildConfiguration;
			buildSettings = {
				ALWAYS_EMBED_SWIFT_STANDARD_LIBRARIES = YES;
				CODE_SIGN_STYLE = Automatic;
				CURRENT_PROJECT_VERSION = 1;
				DEVELOPMENT_TEAM = J3825KB7T3;
				GENERATE_INFOPLIST_FILE = YES;
				MARKETING_VERSION = 1.0;
				PRODUCT_BUNDLE_IDENTIFIER = AQATeam.AppPetProjectUITests;
				PRODUCT_NAME = "$(TARGET_NAME)";
				SWIFT_EMIT_LOC_STRINGS = NO;
				SWIFT_VERSION = 5.0;
				TARGETED_DEVICE_FAMILY = "1,2";
				TEST_TARGET_NAME = AppPetProject;
			};
			name = Debug;
		};
		4142E7262CDA13B800257D0B /* Release */ = {
			isa = XCBuildConfiguration;
			buildSettings = {
				ALWAYS_EMBED_SWIFT_STANDARD_LIBRARIES = YES;
				CODE_SIGN_STYLE = Automatic;
				CURRENT_PROJECT_VERSION = 1;
				DEVELOPMENT_TEAM = J3825KB7T3;
				GENERATE_INFOPLIST_FILE = YES;
				MARKETING_VERSION = 1.0;
				PRODUCT_BUNDLE_IDENTIFIER = AQATeam.AppPetProjectUITests;
				PRODUCT_NAME = "$(TARGET_NAME)";
				SWIFT_EMIT_LOC_STRINGS = NO;
				SWIFT_VERSION = 5.0;
				TARGETED_DEVICE_FAMILY = "1,2";
				TEST_TARGET_NAME = AppPetProject;
			};
			name = Release;
		};
/* End XCBuildConfiguration section */

/* Begin XCConfigurationList section */
		4142E6EF2CDA13B700257D0B /* Build configuration list for PBXProject "AppPetProject" */ = {
			isa = XCConfigurationList;
			buildConfigurations = (
				4142E71C2CDA13B800257D0B /* Debug */,
				4142E71D2CDA13B800257D0B /* Release */,
			);
			defaultConfigurationIsVisible = 0;
			defaultConfigurationName = Release;
		};
		4142E71E2CDA13B800257D0B /* Build configuration list for PBXNativeTarget "AppPetProject" */ = {
			isa = XCConfigurationList;
			buildConfigurations = (
				4142E71F2CDA13B800257D0B /* Debug */,
				4142E7202CDA13B800257D0B /* Release */,
			);
			defaultConfigurationIsVisible = 0;
			defaultConfigurationName = Release;
		};
		4142E7212CDA13B800257D0B /* Build configuration list for PBXNativeTarget "AppPetProjectTests" */ = {
			isa = XCConfigurationList;
			buildConfigurations = (
				4142E7222CDA13B800257D0B /* Debug */,
				4142E7232CDA13B800257D0B /* Release */,
			);
			defaultConfigurationIsVisible = 0;
			defaultConfigurationName = Release;
		};
		4142E7242CDA13B800257D0B /* Build configuration list for PBXNativeTarget "AppPetProjectUITests" */ = {
			isa = XCConfigurationList;
			buildConfigurations = (
				4142E7252CDA13B800257D0B /* Debug */,
				4142E7262CDA13B800257D0B /* Release */,
			);
			defaultConfigurationIsVisible = 0;
			defaultConfigurationName = Release;
		};
/* End XCConfigurationList section */
	};
	rootObject = 4142E6EC2CDA13B700257D0B /* Project object */;
}
